<?xml version="1.0" encoding="utf-8"?>
<Project ToolsVersion="4.0" xmlns="http://schemas.microsoft.com/developer/msbuild/2003">
  <ItemGroup>
    <Filter Include="Source Files">
      <UniqueIdentifier>{4FC737F1-C7A5-4376-A066-2A32D752A2FF}</UniqueIdentifier>
      <Extensions>cpp;c;cc;cxx;c++;cppm;ixx;def;odl;idl;hpj;bat;asm;asmx</Extensions>
    </Filter>
    <Filter Include="Header Files">
      <UniqueIdentifier>{93995380-89BD-4b04-88EB-625FBE52EBFB}</UniqueIdentifier>
      <Extensions>h;hh;hpp;hxx;h++;hm;inl;inc;ipp;xsd</Extensions>
    </Filter>
    <Filter Include="Resource Files">
      <UniqueIdentifier>{67DA6AB6-F800-4c08-8B7A-83BB121AAD01}</UniqueIdentifier>
      <Extensions>rc;ico;cur;bmp;dlg;rc2;rct;bin;rgs;gif;jpg;jpeg;jpe;resx;tiff;tif;png;wav;mfcribbon-ms</Extensions>
    </Filter>
  </ItemGroup>
  <ItemGroup>
    <ClCompile Include="Src\Core\Application.cpp">
      <Filter>Source Files</Filter>
    </ClCompile>
    <ClCompile Include="Src\Graphics\Renderable.cpp">
      <Filter>Source Files</Filter>
    </ClCompile>
    <ClCompile Include="Src\Graphics\Renderer.cpp">
      <Filter>Source Files</Filter>
    </ClCompile>
    <ClCompile Include="Src\Graphics\Texture.cpp">
      <Filter>Source Files</Filter>
    </ClCompile>
    <ClCompile Include="Src\Graphics\VertexArray.cpp">
      <Filter>Source Files</Filter>
    </ClCompile>
    <ClCompile Include="Src\glad.c">
      <Filter>Source Files</Filter>
    </ClCompile>
    <ClCompile Include="Src\Main.cpp">
      <Filter>Source Files</Filter>
    </ClCompile>
    <ClCompile Include="Src\Graphics\ShapeRenderer.cpp">
      <Filter>Source Files</Filter>
    </ClCompile>
    <ClCompile Include="Src\Util\Timer.h">
      <Filter>Source Files</Filter>
    </ClCompile>
    <ClCompile Include="Src\SpringMass\SpringMassGrid.h">
      <Filter>Source Files</Filter>
    </ClCompile>
    <ClCompile Include="Src\SpringMass\SpringMassGrid.cpp">
      <Filter>Source Files</Filter>
    </ClCompile>
    <ClCompile Include="Src\SpringMass\PointMass.cpp">
      <Filter>Source Files</Filter>
    </ClCompile>
    <ClCompile Include="Src\SpringMass\Spring.cpp">
      <Filter>Source Files</Filter>
    </ClCompile>
    <ClCompile Include="Src\Graphics\SpriteBatch.cpp">
      <Filter>Source Files</Filter>
    </ClCompile>
    <ClCompile Include="Vendor\imgui\imgui.cpp">
      <Filter>Source Files</Filter>
    </ClCompile>
    <ClCompile Include="Vendor\imgui\imgui_demo.cpp">
      <Filter>Source Files</Filter>
    </ClCompile>
    <ClCompile Include="Vendor\imgui\imgui_impl_opengl3.cpp">
      <Filter>Source Files</Filter>
    </ClCompile>
    <ClCompile Include="Vendor\imgui\imgui_draw.cpp">
      <Filter>Source Files</Filter>
    </ClCompile>
    <ClCompile Include="Vendor\imgui\imgui_impl_sdl.cpp">
      <Filter>Source Files</Filter>
    </ClCompile>
    <ClCompile Include="Vendor\imgui\imgui_tables.cpp">
      <Filter>Source Files</Filter>
    </ClCompile>
    <ClCompile Include="Vendor\imgui\imgui_widgets.cpp">
      <Filter>Source Files</Filter>
    </ClCompile>
  </ItemGroup>
  <ItemGroup>
    <ClInclude Include="Src\Core\Application.h">
      <Filter>Header Files</Filter>
    </ClInclude>
    <ClInclude Include="Src\Core\Camera.h">
      <Filter>Header Files</Filter>
    </ClInclude>
    <ClInclude Include="Src\Core\Core.h">
      <Filter>Header Files</Filter>
    </ClInclude>
    <ClInclude Include="Src\Core\Input.h">
      <Filter>Header Files</Filter>
    </ClInclude>
    <ClInclude Include="Src\SampleApplication.h">
      <Filter>Header Files</Filter>
    </ClInclude>
    <ClInclude Include="Src\Graphics\Frustum.h">
      <Filter>Header Files</Filter>
    </ClInclude>
    <ClInclude Include="Src\Graphics\IndexBuffer.h">
      <Filter>Header Files</Filter>
    </ClInclude>
    <ClInclude Include="Src\Graphics\Renderable.h">
      <Filter>Header Files</Filter>
    </ClInclude>
    <ClInclude Include="Src\Graphics\Renderer.h">
      <Filter>Header Files</Filter>
    </ClInclude>
    <ClInclude Include="Src\Graphics\Shader.h">
      <Filter>Header Files</Filter>
    </ClInclude>
    <ClInclude Include="Src\Graphics\Texture.h">
      <Filter>Header Files</Filter>
    </ClInclude>
    <ClInclude Include="Src\Graphics\VertexArray.h">
      <Filter>Header Files</Filter>
    </ClInclude>
    <ClInclude Include="Src\Vendor\glad\glad.h">
      <Filter>Header Files</Filter>
    </ClInclude>
    <ClInclude Include="Src\Vendor\KHR\khrplatform.h">
      <Filter>Header Files</Filter>
    </ClInclude>
    <ClInclude Include="Src\Vendor\stb_image\stb_image.h">
      <Filter>Header Files</Filter>
    </ClInclude>
    <ClInclude Include="Vendor\glad\glad.h">
      <Filter>Header Files</Filter>
    </ClInclude>
    <ClInclude Include="Vendor\KHR\khrplatform.h">
      <Filter>Header Files</Filter>
    </ClInclude>
    <ClInclude Include="Vendor\stb_image\stb_image.h">
      <Filter>Header Files</Filter>
    </ClInclude>
    <ClInclude Include="Src\Graphics\ShapeRenderer.h">
      <Filter>Header Files</Filter>
    </ClInclude>
    <ClInclude Include="Src\SpringMass\PointMass.h">
      <Filter>Header Files</Filter>
    </ClInclude>
    <ClInclude Include="Src\SpringMass\Spring.h">
      <Filter>Header Files</Filter>
    </ClInclude>
    <ClInclude Include="Src\Graphics\SpriteBatch.h">
      <Filter>Header Files</Filter>
    </ClInclude>
    <ClInclude Include="Src\Util\Util.h">
      <Filter>Header Files</Filter>
    </ClInclude>
  </ItemGroup>
  <ItemGroup>
    <None Include="packages.config" />
  </ItemGroup>
</Project>